
Microsoft Visual Studio Solution File, Format Version 12.00
# Visual Studio 15
Project("{FAE04EC0-301F-11D3-BF4B-00C04F79EFBC}") = "Assembly-CSharp", "Assembly-CSharp.csproj", "{5322DC32-BEC7-4167-721B-1E7C6DDB73BE}"
EndProject
Project("{FAE04EC0-301F-11D3-BF4B-00C04F79EFBC}") = "Assembly-CSharp-Editor", "Assembly-CSharp-Editor.csproj", "{0885E749-411F-5D3A-E336-C5A83B12D25A}"
EndProject
Global
	GlobalSection(SolutionConfigurationPlatforms) = preSolution
		Debug|Any CPU = Debug|Any CPU
		Release|Any CPU = Release|Any CPU
	EndGlobalSection
	GlobalSection(ProjectConfigurationPlatforms) = postSolution
		{5322DC32-BEC7-4167-721B-1E7C6DDB73BE}.Debug|Any CPU.ActiveCfg = Debug|Any CPU
		{5322DC32-BEC7-4167-721B-1E7C6DDB73BE}.Debug|Any CPU.Build.0 = Debug|Any CPU
		{5322DC32-BEC7-4167-721B-1E7C6DDB73BE}.Release|Any CPU.ActiveCfg = Release|Any CPU
		{5322DC32-BEC7-4167-721B-1E7C6DDB73BE}.Release|Any CPU.Build.0 = Release|Any CPU
		{0885E749-411F-5D3A-E336-C5A83B12D25A}.Debug|Any CPU.ActiveCfg = Debug|Any CPU
		{0885E749-411F-5D3A-E336-C5A83B12D25A}.Debug|Any CPU.Build.0 = Debug|Any CPU
		{0885E749-411F-5D3A-E336-C5A83B12D25A}.Release|Any CPU.ActiveCfg = Release|Any CPU
		{0885E749-411F-5D3A-E336-C5A83B12D25A}.Release|Any CPU.Build.0 = Release|Any CPU
	EndGlobalSection
	GlobalSection(SolutionProperties) = preSolution
		HideSolutionNode = FALSE
	EndGlobalSection
EndGlobal
